Microsoft Visual Studio Solution File, Format Version 11.00
# Visual Studio 2008

Project("{745C35D2-C843-5A33-2912-7CFC90036472}") = "MYOHack", "Assembly-CSharp-firstpass-vs.csproj", "{A6C2982D-ED0E-8149-DAB0-589D10FF65BD}"
EndProject
Project("{745C35D2-C843-5A33-2912-7CFC90036472}") = "MYOHack", "Assembly-CSharp-vs.csproj", "{52462F65-FF39-FF29-C415-9EC15B45135C}"
EndProject
Project("{745C35D2-C843-5A33-2912-7CFC90036472}") = "MYOHack", "Assembly-CSharp-Editor-vs.csproj", "{E03E2FE1-907E-26F1-3491-BEAE4DADE8CC}"
EndProject
Global
	GlobalSection(SolutionConfigurationPlatforms) = preSolution
		Debug|Any CPU = Debug|Any CPU
		Release|Any CPU = Release|Any CPU
	EndGlobalSection
	GlobalSection(ProjectConfigurationPlatforms) = postSolution
		{A6C2982D-ED0E-8149-DAB0-589D10FF65BD}.Debug|Any CPU.ActiveCfg = Debug|Any CPU
		{A6C2982D-ED0E-8149-DAB0-589D10FF65BD}.Debug|Any CPU.Build.0 = Debug|Any CPU
		{A6C2982D-ED0E-8149-DAB0-589D10FF65BD}.Release|Any CPU.ActiveCfg = Release|Any CPU
		{A6C2982D-ED0E-8149-DAB0-589D10FF65BD}.Release|Any CPU.Build.0 = Release|Any CPU
		{52462F65-FF39-FF29-C415-9EC15B45135C}.Debug|Any CPU.ActiveCfg = Debug|Any CPU
		{52462F65-FF39-FF29-C415-9EC15B45135C}.Debug|Any CPU.Build.0 = Debug|Any CPU
		{52462F65-FF39-FF29-C415-9EC15B45135C}.Release|Any CPU.ActiveCfg = Release|Any CPU
		{52462F65-FF39-FF29-C415-9EC15B45135C}.Release|Any CPU.Build.0 = Release|Any CPU
		{E03E2FE1-907E-26F1-3491-BEAE4DADE8CC}.Debug|Any CPU.ActiveCfg = Debug|Any CPU
		{E03E2FE1-907E-26F1-3491-BEAE4DADE8CC}.Debug|Any CPU.Build.0 = Debug|Any CPU
		{E03E2FE1-907E-26F1-3491-BEAE4DADE8CC}.Release|Any CPU.ActiveCfg = Release|Any CPU
		{E03E2FE1-907E-26F1-3491-BEAE4DADE8CC}.Release|Any CPU.Build.0 = Release|Any CPU
	EndGlobalSection
	GlobalSection(SolutionProperties) = preSolution
		HideSolutionNode = FALSE
	EndGlobalSection
																											GlobalSection(MonoDevelopProperties) = preSolution
		StartupItem = Assembly-CSharp.csproj
		Policies = $0
		$0.TextStylePolicy = $1
		$1.inheritsSet = null
		$1.scope = text/x-csharp
		$0.CSharpFormattingPolicy = $2
		$2.inheritsSet = Mono
		$2.inheritsScope = text/x-csharp
		$2.scope = text/x-csharp
		$0.TextStylePolicy = $3
		$3.FileWidth = 120
		$3.TabWidth = 4
		$3.IndentWidth = 4
		$3.EolMarker = Unix
		$3.inheritsSet = Mono
		$3.inheritsScope = text/plain
		$3.scope = text/plain
	EndGlobalSection

EndGlobal
